<Solution>
  <Configurations>
    <Platform Name="Any CPU" />
    <Platform Name="ARM64" />
    <Platform Name="x64" />
  </Configurations>
  <Project Path="../Download/Download.csproj" Id="f7e3835e-4442-440b-a7b0-af042debd160" />
  <Project Path="../QQPilotGUISharp/Option2.csproj" Id="ebb66693-38c8-46bd-b1b3-842cf48141da">
    <Platform Solution="*|ARM64" Project="ARM64" />
    <Platform Solution="*|x64" Project="x64" />
  </Project>
  <Project Path="../t/t.csproj" Id="358f9925-255e-4cd5-a7f5-bf5fc7b8f441" />
  <Project Path="QQPilot4.csproj">
    <Platform Solution="*|ARM64" Project="ARM64" />
    <Platform Solution="*|x64" Project="x64" />
  </Project>
</Solution>
