<Solution>
  <Configurations>
    <BuildType Name="Debug" />
    <BuildType Name="Release" />
    <BuildType Name="release2" />
    <Platform Name="ARM64" />
    <Platform Name="x64" />
    <Platform Name="x86" />
  </Configurations>
  <Project Path="FocusQQWindow2/FocusQQWindow2.vcxproj" Id="92a5f2dc-82d6-4511-995d-853d782b1c7a">
    <BuildType Solution="release2|*" Project="Release" />
  </Project>
  <Project Path="ImageImport/ImageImport.vcxproj">
    <BuildType Solution="release2|*" Project="Release" />
  </Project>
  <Project Path="InputEvent/InputEvent.vcxproj" Id="b59a5f55-dc63-4cae-aa81-a9c6219a174e">
    <BuildType Solution="release2|*" Project="Release" />
  </Project>
  <Project Path="mfcinstall2/mfcinstall2.vcxproj">
    <BuildType Solution="release2|*" Project="Release" />
  </Project>
  <Project Path="MFCLauncher/MFCLauncher.vcxproj">
    <BuildType Solution="release2|*" Project="Release" />
  </Project>
  <Project Path="MFCUpdate/MFCUpdate.vcxproj">
    <BuildType Solution="release2|*" Project="Release" />
    <Platform Solution="Debug|ARM64" Project="x64" />
  </Project>
  <Project Path="ScaleToINI/ScaleToINI.vcxproj" Id="0c76a433-d76d-456b-9b4f-d24f05845967">
    <BuildType Solution="release2|*" Project="Release" />
  </Project>
  <Project Path="uploadFile/uploadFile.vcxproj" Id="7bf54da3-9781-4781-ad30-2e0df178f894">
    <BuildType Solution="release2|*" Project="Release" />
    <Platform Solution="Debug|ARM64" Project="x64" />
    <Platform Solution="release2|ARM64" Project="x64" />
  </Project>
  <Project Path="uploadImage2/uploadImage2.vcxproj" Id="2cc22cc3-616e-4be1-84f9-a3a575c22b05">
    <BuildType Solution="release2|*" Project="Release" />
  </Project>
  <Project Path="Vision/Vision.vcxproj" Id="89a36aa2-1723-4be2-8f97-90c637583075">
    <BuildType Solution="release2|*" Project="Release" />
    <Platform Solution="Debug|ARM64" Project="x64" />
    <Platform Solution="release2|ARM64" Project="x64" />
  </Project>
  <Project Path="VisionII/VisionII.vcxproj" Id="30c91994-5cbb-4c89-96b3-6c0076cf49a2">
    <BuildType Solution="release2|*" Project="Release" />
    <Platform Solution="*|ARM64" Project="x64" />
  </Project>
</Solution>
